
Microsoft Visual Studio Solution File, Format Version 12.00
# Visual Studio Version 17
VisualStudioVersion = 17.11.35222.181
MinimumVisualStudioVersion = 10.0.40219.1
Project("{FAE04EC0-301F-11D3-BF4B-00C04F79EFBC}") = "phoneNumConverter", "Drawdy_Chapter8_9\phoneNumConverter.csproj", "{3D443D60-507C-4814-8924-3C1F9D832547}"
EndProject
Global
	GlobalSection(SolutionConfigurationPlatforms) = preSolution
		Debug|Any CPU = Debug|Any CPU
		Release|Any CPU = Release|Any CPU
	EndGlobalSection
	GlobalSection(ProjectConfigurationPlatforms) = postSolution
		{3D443D60-507C-4814-8924-3C1F9D832547}.Debug|Any CPU.ActiveCfg = Debug|Any CPU
		{3D443D60-507C-4814-8924-3C1F9D832547}.Debug|Any CPU.Build.0 = Debug|Any CPU
		{3D443D60-507C-4814-8924-3C1F9D832547}.Release|Any CPU.ActiveCfg = Release|Any CPU
		{3D443D60-507C-4814-8924-3C1F9D832547}.Release|Any CPU.Build.0 = Release|Any CPU
	EndGlobalSection
	GlobalSection(SolutionProperties) = preSolution
		HideSolutionNode = FALSE
	EndGlobalSection
	GlobalSection(ExtensibilityGlobals) = postSolution
		SolutionGuid = {EFE66418-60FA-4AC9-BC35-703DC2079EB3}
	EndGlobalSection
EndGlobal
