
Microsoft Visual Studio Solution File, Format Version 12.00
# Visual Studio Version 17
VisualStudioVersion = 17.9.34902.65
MinimumVisualStudioVersion = 10.0.40219.1
Project("{FAE04EC0-301F-11D3-BF4B-00C04F79EFBC}") = "RockPaperScissors", "Drawdy_chapter_10\RockPaperScissors.csproj", "{D841396D-067A-40CD-A2E1-E18B7F28A261}"
EndProject
Global
	GlobalSection(SolutionConfigurationPlatforms) = preSolution
		Debug|Any CPU = Debug|Any CPU
		Release|Any CPU = Release|Any CPU
	EndGlobalSection
	GlobalSection(ProjectConfigurationPlatforms) = postSolution
		{D841396D-067A-40CD-A2E1-E18B7F28A261}.Debug|Any CPU.ActiveCfg = Debug|Any CPU
		{D841396D-067A-40CD-A2E1-E18B7F28A261}.Debug|Any CPU.Build.0 = Debug|Any CPU
		{D841396D-067A-40CD-A2E1-E18B7F28A261}.Release|Any CPU.ActiveCfg = Release|Any CPU
		{D841396D-067A-40CD-A2E1-E18B7F28A261}.Release|Any CPU.Build.0 = Release|Any CPU
	EndGlobalSection
	GlobalSection(SolutionProperties) = preSolution
		HideSolutionNode = FALSE
	EndGlobalSection
	GlobalSection(ExtensibilityGlobals) = postSolution
		SolutionGuid = {AB8860E6-E046-4FF7-A877-AA4CF72666F9}
	EndGlobalSection
EndGlobal
