
Microsoft Visual Studio Solution File, Format Version 12.00
# Visual Studio Version 17
VisualStudioVersion = 17.9.34902.65
MinimumVisualStudioVersion = 10.0.40219.1
Project("{FAE04EC0-301F-11D3-BF4B-00C04F79EFBC}") = "diceSimulator", "Drawdy_Chapter5_9\diceSimulator.csproj", "{BA53BB00-8D10-47B5-97FB-E134BDCE0770}"
EndProject
Global
	GlobalSection(SolutionConfigurationPlatforms) = preSolution
		Debug|Any CPU = Debug|Any CPU
		Release|Any CPU = Release|Any CPU
	EndGlobalSection
	GlobalSection(ProjectConfigurationPlatforms) = postSolution
		{BA53BB00-8D10-47B5-97FB-E134BDCE0770}.Debug|Any CPU.ActiveCfg = Debug|Any CPU
		{BA53BB00-8D10-47B5-97FB-E134BDCE0770}.Debug|Any CPU.Build.0 = Debug|Any CPU
		{BA53BB00-8D10-47B5-97FB-E134BDCE0770}.Release|Any CPU.ActiveCfg = Release|Any CPU
		{BA53BB00-8D10-47B5-97FB-E134BDCE0770}.Release|Any CPU.Build.0 = Release|Any CPU
	EndGlobalSection
	GlobalSection(SolutionProperties) = preSolution
		HideSolutionNode = FALSE
	EndGlobalSection
	GlobalSection(ExtensibilityGlobals) = postSolution
		SolutionGuid = {4CF62961-23DD-4980-BA00-22E9C241FF1A}
	EndGlobalSection
EndGlobal
