
Microsoft Visual Studio Solution File, Format Version 12.00
# Visual Studio Version 17
VisualStudioVersion = 17.11.35222.181
MinimumVisualStudioVersion = 10.0.40219.1
Project("{FAE04EC0-301F-11D3-BF4B-00C04F79EFBC}") = "dormCharges", "Drawdy_Chapter10_6\dormCharges.csproj", "{96C1C4DC-CB7F-4D62-BAFA-74C68B5676DE}"
EndProject
Global
	GlobalSection(SolutionConfigurationPlatforms) = preSolution
		Debug|Any CPU = Debug|Any CPU
		Release|Any CPU = Release|Any CPU
	EndGlobalSection
	GlobalSection(ProjectConfigurationPlatforms) = postSolution
		{96C1C4DC-CB7F-4D62-BAFA-74C68B5676DE}.Debug|Any CPU.ActiveCfg = Debug|Any CPU
		{96C1C4DC-CB7F-4D62-BAFA-74C68B5676DE}.Debug|Any CPU.Build.0 = Debug|Any CPU
		{96C1C4DC-CB7F-4D62-BAFA-74C68B5676DE}.Release|Any CPU.ActiveCfg = Release|Any CPU
		{96C1C4DC-CB7F-4D62-BAFA-74C68B5676DE}.Release|Any CPU.Build.0 = Release|Any CPU
	EndGlobalSection
	GlobalSection(SolutionProperties) = preSolution
		HideSolutionNode = FALSE
	EndGlobalSection
	GlobalSection(ExtensibilityGlobals) = postSolution
		SolutionGuid = {036BB5E5-617A-4ABD-A20B-0ADB62E0F75F}
	EndGlobalSection
EndGlobal
